
Microsoft Visual Studio Solution File, Format Version 12.00
# Visual Studio Version 17
VisualStudioVersion = 17.1.32328.378
MinimumVisualStudioVersion = 10.0.40219.1
Project("{FAE04EC0-301F-11D3-BF4B-00C04F79EFBC}") = "LMS", "LMS\LMS.csproj", "{756B8578-1AB2-4D0C-9C94-88FE68A778BF}"
EndProject
Global
	GlobalSection(SolutionConfigurationPlatforms) = preSolution
		Debug|Any CPU = Debug|Any CPU
		Release|Any CPU = Release|Any CPU
	EndGlobalSection
	GlobalSection(ProjectConfigurationPlatforms) = postSolution
		{756B8578-1AB2-4D0C-9C94-88FE68A778BF}.Debug|Any CPU.ActiveCfg = Debug|Any CPU
		{756B8578-1AB2-4D0C-9C94-88FE68A778BF}.Debug|Any CPU.Build.0 = Debug|Any CPU
		{756B8578-1AB2-4D0C-9C94-88FE68A778BF}.Release|Any CPU.ActiveCfg = Release|Any CPU
		{756B8578-1AB2-4D0C-9C94-88FE68A778BF}.Release|Any CPU.Build.0 = Release|Any CPU
	EndGlobalSection
	GlobalSection(SolutionProperties) = preSolution
		HideSolutionNode = FALSE
	EndGlobalSection
	GlobalSection(ExtensibilityGlobals) = postSolution
		SolutionGuid = {1C3A83D4-BDF1-45B6-941B-20B9D37C192D}
	EndGlobalSection
EndGlobal
